
Microsoft Visual Studio Solution File, Format Version 12.00
# Visual Studio Version 17
VisualStudioVersion = 17.12.35514.174
MinimumVisualStudioVersion = 10.0.40219.1
Project("{2150E333-8FDC-42A3-9474-1A3956D46DE8}") = "src", "src", "{3244F473-043F-4397-BB04-A303150D40B1}"
EndProject
Project("{2150E333-8FDC-42A3-9474-1A3956D46DE8}") = "test", "test", "{B42CD95A-3921-47C1-8E60-DF93144CB279}"
EndProject
Project("{2150E333-8FDC-42A3-9474-1A3956D46DE8}") = "doc", "doc", "{ED38F147-9E4F-492A-A451-BB298B5F5933}"
EndProject
Project("{2150E333-8FDC-42A3-9474-1A3956D46DE8}") = "API", "API", "{56A91BAD-505A-4C78-B2BB-17A16442B661}"
EndProject
Project("{2150E333-8FDC-42A3-9474-1A3956D46DE8}") = "Core", "Core", "{7B1447FD-B378-42D6-BA65-460507AB8B0E}"
EndProject
Project("{2150E333-8FDC-42A3-9474-1A3956D46DE8}") = "Infrastructure", "Infrastructure", "{611D8D01-4D85-44B2-A5F2-56F0CF2CC403}"
EndProject
Project("{FAE04EC0-301F-11D3-BF4B-00C04F79EFBC}") = "Soporte.Application", "Soporte.Application\Soporte.Application.csproj", "{53865B09-DCF9-4066-811F-EA9C915E8AB9}"
EndProject
Project("{FAE04EC0-301F-11D3-BF4B-00C04F79EFBC}") = "Soporte.Domain", "Soporte.Domain\Soporte.Domain.csproj", "{DC48C04A-11C9-472E-8210-106A6A2CF211}"
EndProject
Project("{FAE04EC0-301F-11D3-BF4B-00C04F79EFBC}") = "Soporte.Infrastructure", "Soporte.Infrastructure\Soporte.Infrastructure.csproj", "{19019167-2409-4BE6-A845-4967C871630D}"
EndProject
Project("{FAE04EC0-301F-11D3-BF4B-00C04F79EFBC}") = "Soporte.API", "Soporte.API\Soporte.API.csproj", "{471323CA-D44A-4E28-BDE1-7D13096714EF}"
EndProject
Global
	GlobalSection(SolutionConfigurationPlatforms) = preSolution
		Debug|Any CPU = Debug|Any CPU
		Release|Any CPU = Release|Any CPU
	EndGlobalSection
	GlobalSection(ProjectConfigurationPlatforms) = postSolution
		{53865B09-DCF9-4066-811F-EA9C915E8AB9}.Debug|Any CPU.ActiveCfg = Debug|Any CPU
		{53865B09-DCF9-4066-811F-EA9C915E8AB9}.Debug|Any CPU.Build.0 = Debug|Any CPU
		{53865B09-DCF9-4066-811F-EA9C915E8AB9}.Release|Any CPU.ActiveCfg = Release|Any CPU
		{53865B09-DCF9-4066-811F-EA9C915E8AB9}.Release|Any CPU.Build.0 = Release|Any CPU
		{DC48C04A-11C9-472E-8210-106A6A2CF211}.Debug|Any CPU.ActiveCfg = Debug|Any CPU
		{DC48C04A-11C9-472E-8210-106A6A2CF211}.Debug|Any CPU.Build.0 = Debug|Any CPU
		{DC48C04A-11C9-472E-8210-106A6A2CF211}.Release|Any CPU.ActiveCfg = Release|Any CPU
		{DC48C04A-11C9-472E-8210-106A6A2CF211}.Release|Any CPU.Build.0 = Release|Any CPU
		{19019167-2409-4BE6-A845-4967C871630D}.Debug|Any CPU.ActiveCfg = Debug|Any CPU
		{19019167-2409-4BE6-A845-4967C871630D}.Debug|Any CPU.Build.0 = Debug|Any CPU
		{19019167-2409-4BE6-A845-4967C871630D}.Release|Any CPU.ActiveCfg = Release|Any CPU
		{19019167-2409-4BE6-A845-4967C871630D}.Release|Any CPU.Build.0 = Release|Any CPU
		{471323CA-D44A-4E28-BDE1-7D13096714EF}.Debug|Any CPU.ActiveCfg = Debug|Any CPU
		{471323CA-D44A-4E28-BDE1-7D13096714EF}.Debug|Any CPU.Build.0 = Debug|Any CPU
		{471323CA-D44A-4E28-BDE1-7D13096714EF}.Release|Any CPU.ActiveCfg = Release|Any CPU
		{471323CA-D44A-4E28-BDE1-7D13096714EF}.Release|Any CPU.Build.0 = Release|Any CPU
	EndGlobalSection
	GlobalSection(SolutionProperties) = preSolution
		HideSolutionNode = FALSE
	EndGlobalSection
	GlobalSection(NestedProjects) = preSolution
		{56A91BAD-505A-4C78-B2BB-17A16442B661} = {3244F473-043F-4397-BB04-A303150D40B1}
		{7B1447FD-B378-42D6-BA65-460507AB8B0E} = {3244F473-043F-4397-BB04-A303150D40B1}
		{611D8D01-4D85-44B2-A5F2-56F0CF2CC403} = {3244F473-043F-4397-BB04-A303150D40B1}
		{53865B09-DCF9-4066-811F-EA9C915E8AB9} = {7B1447FD-B378-42D6-BA65-460507AB8B0E}
		{DC48C04A-11C9-472E-8210-106A6A2CF211} = {7B1447FD-B378-42D6-BA65-460507AB8B0E}
		{19019167-2409-4BE6-A845-4967C871630D} = {611D8D01-4D85-44B2-A5F2-56F0CF2CC403}
		{471323CA-D44A-4E28-BDE1-7D13096714EF} = {56A91BAD-505A-4C78-B2BB-17A16442B661}
	EndGlobalSection
EndGlobal
